
Microsoft Visual Studio Solution File, Format Version 12.00
# Visual Studio Version 17
VisualStudioVersion = 17.10.35122.118
MinimumVisualStudioVersion = 10.0.40219.1
Project("{FAE04EC0-301F-11D3-BF4B-00C04F79EFBC}") = "BlazorCalculator", "BlazorCalculator\BlazorCalculator.csproj", "{B169BCF2-6C61-4CE5-A477-E5CB2765A1CA}"
EndProject
Global
	GlobalSection(SolutionConfigurationPlatforms) = preSolution
		Debug|Any CPU = Debug|Any CPU
		Release|Any CPU = Release|Any CPU
	EndGlobalSection
	GlobalSection(ProjectConfigurationPlatforms) = postSolution
		{B169BCF2-6C61-4CE5-A477-E5CB2765A1CA}.Debug|Any CPU.ActiveCfg = Debug|Any CPU
		{B169BCF2-6C61-4CE5-A477-E5CB2765A1CA}.Debug|Any CPU.Build.0 = Debug|Any CPU
		{B169BCF2-6C61-4CE5-A477-E5CB2765A1CA}.Release|Any CPU.ActiveCfg = Release|Any CPU
		{B169BCF2-6C61-4CE5-A477-E5CB2765A1CA}.Release|Any CPU.Build.0 = Release|Any CPU
	EndGlobalSection
	GlobalSection(SolutionProperties) = preSolution
		HideSolutionNode = FALSE
	EndGlobalSection
	GlobalSection(ExtensibilityGlobals) = postSolution
		SolutionGuid = {1FE6EA74-6EEC-4E65-B20D-24BBF6199741}
	EndGlobalSection
EndGlobal
